
Microsoft Visual Studio Solution File, Format Version 12.00
# Visual Studio Version 17
VisualStudioVersion = 17.14.36623.8
MinimumVisualStudioVersion = 10.0.40219.1
Project("{FAE04EC0-301F-11D3-BF4B-00C04F79EFBC}") = "Patika_AylinOdev", "Patika_AylinOdev\Patika_AylinOdev.csproj", "{128E9AFB-4230-4DEE-A279-AF05201FC87F}"
EndProject
Project("{FAE04EC0-301F-11D3-BF4B-00C04F79EFBC}") = "Operatorler", "Operatorler\Operatorler.csproj", "{641FFCED-8BFA-4F49-A574-64FFF04DF32A}"
EndProject
Project("{FAE04EC0-301F-11D3-BF4B-00C04F79EFBC}") = "Tip_Dnusumleri", "Tip_Dnusumleri\Tip_Dnusumleri.csproj", "{69D58D43-901B-4441-8E55-EB95AF0EE721}"
EndProject
Global
	GlobalSection(SolutionConfigurationPlatforms) = preSolution
		Debug|Any CPU = Debug|Any CPU
		Release|Any CPU = Release|Any CPU
	EndGlobalSection
	GlobalSection(ProjectConfigurationPlatforms) = postSolution
		{128E9AFB-4230-4DEE-A279-AF05201FC87F}.Debug|Any CPU.ActiveCfg = Debug|Any CPU
		{128E9AFB-4230-4DEE-A279-AF05201FC87F}.Debug|Any CPU.Build.0 = Debug|Any CPU
		{128E9AFB-4230-4DEE-A279-AF05201FC87F}.Release|Any CPU.ActiveCfg = Release|Any CPU
		{128E9AFB-4230-4DEE-A279-AF05201FC87F}.Release|Any CPU.Build.0 = Release|Any CPU
		{641FFCED-8BFA-4F49-A574-64FFF04DF32A}.Debug|Any CPU.ActiveCfg = Debug|Any CPU
		{641FFCED-8BFA-4F49-A574-64FFF04DF32A}.Debug|Any CPU.Build.0 = Debug|Any CPU
		{641FFCED-8BFA-4F49-A574-64FFF04DF32A}.Release|Any CPU.ActiveCfg = Release|Any CPU
		{641FFCED-8BFA-4F49-A574-64FFF04DF32A}.Release|Any CPU.Build.0 = Release|Any CPU
		{69D58D43-901B-4441-8E55-EB95AF0EE721}.Debug|Any CPU.ActiveCfg = Debug|Any CPU
		{69D58D43-901B-4441-8E55-EB95AF0EE721}.Debug|Any CPU.Build.0 = Debug|Any CPU
		{69D58D43-901B-4441-8E55-EB95AF0EE721}.Release|Any CPU.ActiveCfg = Release|Any CPU
		{69D58D43-901B-4441-8E55-EB95AF0EE721}.Release|Any CPU.Build.0 = Release|Any CPU
	EndGlobalSection
	GlobalSection(SolutionProperties) = preSolution
		HideSolutionNode = FALSE
	EndGlobalSection
	GlobalSection(ExtensibilityGlobals) = postSolution
		SolutionGuid = {4145ED8C-6ECE-43B3-8C03-F55635CDA8CD}
	EndGlobalSection
EndGlobal
